{
  "originHash" : "741e00a38ed257a55afd7208bf340dc23bf95ff1bc8db81aa7de23a4c81744c1",
  "pins" : [
    {
      "identity" : "dittoswiftpackage",
      "kind" : "remoteSourceControl",
      "location" : "https://github.com/getditto/DittoSwiftPackage",
      "state" : {
        "revision" : "1aed269afc999d4645a72c3169f9d326f6a02771",
        "version" : "4.11.1"
      }
    }
  ],
  "version" : 3
}
